
Microsoft Visual Studio Solution File, Format Version 12.00
# Visual Studio Version 17
VisualStudioVersion = 17.6.33723.286
MinimumVisualStudioVersion = 10.0.40219.1
Project("{8BC9CEB8-8B4A-11D0-8D11-00A0C91BC942}") = "countingSort", "countingSort.vcxproj", "{2D077448-AA65-4680-AE93-BEEBEE68AA52}"
EndProject
Global
	GlobalSection(SolutionConfigurationPlatforms) = preSolution
		Debug|x64 = Debug|x64
		Debug|x86 = Debug|x86
		Release|x64 = Release|x64
		Release|x86 = Release|x86
	EndGlobalSection
	GlobalSection(ProjectConfigurationPlatforms) = postSolution
		{2D077448-AA65-4680-AE93-BEEBEE68AA52}.Debug|x64.ActiveCfg = Debug|x64
		{2D077448-AA65-4680-AE93-BEEBEE68AA52}.Debug|x64.Build.0 = Debug|x64
		{2D077448-AA65-4680-AE93-BEEBEE68AA52}.Debug|x86.ActiveCfg = Debug|Win32
		{2D077448-AA65-4680-AE93-BEEBEE68AA52}.Debug|x86.Build.0 = Debug|Win32
		{2D077448-AA65-4680-AE93-BEEBEE68AA52}.Release|x64.ActiveCfg = Release|x64
		{2D077448-AA65-4680-AE93-BEEBEE68AA52}.Release|x64.Build.0 = Release|x64
		{2D077448-AA65-4680-AE93-BEEBEE68AA52}.Release|x86.ActiveCfg = Release|Win32
		{2D077448-AA65-4680-AE93-BEEBEE68AA52}.Release|x86.Build.0 = Release|Win32
	EndGlobalSection
	GlobalSection(SolutionProperties) = preSolution
		HideSolutionNode = FALSE
	EndGlobalSection
	GlobalSection(ExtensibilityGlobals) = postSolution
		SolutionGuid = {7B4B0646-AFD3-4BA1-97CC-296BBD638724}
	EndGlobalSection
EndGlobal
